
Microsoft Visual Studio Solution File, Format Version 12.00
# Visual Studio Version 17
VisualStudioVersion = 17.3.32825.248
MinimumVisualStudioVersion = 10.0.40219.1
Project("{9A19103F-16F7-4668-BE54-9A1E7A4F7556}") = "Backend_Controller_Burhan", "Backend_Controller_Burhan.csproj", "{1AF707CF-7AB0-4F70-AFCB-B5D33DD629EA}"
EndProject
Global
	GlobalSection(SolutionConfigurationPlatforms) = preSolution
		Debug|Any CPU = Debug|Any CPU
		Release|Any CPU = Release|Any CPU
	EndGlobalSection
	GlobalSection(ProjectConfigurationPlatforms) = postSolution
		{1AF707CF-7AB0-4F70-AFCB-B5D33DD629EA}.Debug|Any CPU.ActiveCfg = Debug|Any CPU
		{1AF707CF-7AB0-4F70-AFCB-B5D33DD629EA}.Debug|Any CPU.Build.0 = Debug|Any CPU
		{1AF707CF-7AB0-4F70-AFCB-B5D33DD629EA}.Release|Any CPU.ActiveCfg = Release|Any CPU
		{1AF707CF-7AB0-4F70-AFCB-B5D33DD629EA}.Release|Any CPU.Build.0 = Release|Any CPU
	EndGlobalSection
	GlobalSection(SolutionProperties) = preSolution
		HideSolutionNode = FALSE
	EndGlobalSection
	GlobalSection(ExtensibilityGlobals) = postSolution
		SolutionGuid = {38EFB6F0-0FBD-4516-A1FA-CCF1982847DB}
	EndGlobalSection
EndGlobal
